
Microsoft Visual Studio Solution File, Format Version 12.00
# Visual Studio Version 17
VisualStudioVersion = 17.10.35004.147
MinimumVisualStudioVersion = 10.0.40219.1
Project("{FAE04EC0-301F-11D3-BF4B-00C04F79EFBC}") = "Bank2", "Bank2\Bank2.csproj", "{8C26119E-E19F-46FE-8B62-3C6EE01503DC}"
EndProject
Global
	GlobalSection(SolutionConfigurationPlatforms) = preSolution
		Debug|Any CPU = Debug|Any CPU
		Release|Any CPU = Release|Any CPU
	EndGlobalSection
	GlobalSection(ProjectConfigurationPlatforms) = postSolution
		{8C26119E-E19F-46FE-8B62-3C6EE01503DC}.Debug|Any CPU.ActiveCfg = Debug|Any CPU
		{8C26119E-E19F-46FE-8B62-3C6EE01503DC}.Debug|Any CPU.Build.0 = Debug|Any CPU
		{8C26119E-E19F-46FE-8B62-3C6EE01503DC}.Release|Any CPU.ActiveCfg = Release|Any CPU
		{8C26119E-E19F-46FE-8B62-3C6EE01503DC}.Release|Any CPU.Build.0 = Release|Any CPU
	EndGlobalSection
	GlobalSection(SolutionProperties) = preSolution
		HideSolutionNode = FALSE
	EndGlobalSection
	GlobalSection(ExtensibilityGlobals) = postSolution
		SolutionGuid = {7BC08D5A-0A7A-4D3A-A8A8-0F53D420D158}
	EndGlobalSection
EndGlobal
